// !$*UTF8*$!
{
	archiveVersion = 1;
	classes = {
	};
	objectVersion = 50;
	objects = {

/* Begin PBXBuildFile section */
		B4AD597921F177E700DB5CD3 /* AppDelegate.swift in Sources */ = {isa = PBXBuildFile; fileRef = B4AD597821F177E700DB5CD3 /* AppDelegate.swift */; };
		B4AD597B21F177E700DB5CD3 /* ViewController.swift in Sources */ = {isa = PBXBuildFile; fileRef = B4AD597A21F177E700DB5CD3 /* ViewController.swift */; };
		B4AD597E21F177E700DB5CD3 /* Main.storyboard in Resources */ = {isa = PBXBuildFile; fileRef = B4AD597C21F177E700DB5CD3 /* Main.storyboard */; };
		B4AD598021F177E800DB5CD3 /* Assets.xcassets in Resources */ = {isa = PBXBuildFile; fileRef = B4AD597F21F177E800DB5CD3 /* Assets.xcassets */; };
		B4AD598321F177E800DB5CD3 /* LaunchScreen.storyboard in Resources */ = {isa = PBXBuildFile; fileRef = B4AD598121F177E800DB5CD3 /* LaunchScreen.storyboard */; };
		B4AD598E21F177E800DB5CD3 /* FlixsterTests.swift in Sources */ = {isa = PBXBuildFile; fileRef = B4AD598D21F177E800DB5CD3 /* FlixsterTests.swift */; };
		B4AD599921F177E800DB5CD3 /* FlixsterUITests.swift in Sources */ = {isa = PBXBuildFile; fileRef = B4AD599821F177E800DB5CD3 /* FlixsterUITests.swift */; };
/* End PBXBuildFile section */

/* Begin PBXContainerItemProxy section */
		B4AD598A21F177E800DB5CD3 /* PBXContainerItemProxy */ = {
			isa = PBXContainerItemProxy;
			containerPortal = B4AD596D21F177E700DB5CD3 /* Project object */;
			proxyType = 1;
			remoteGlobalIDString = B4AD597421F177E700DB5CD3;
			remoteInfo = Flixster;
		};
		B4AD599521F177E800DB5CD3 /* PBXContainerItemProxy */ = {
			isa = PBXContainerItemProxy;
			containerPortal = B4AD596D21F177E700DB5CD3 /* Project object */;
			proxyType = 1;
			remoteGlobalIDString = B4AD597421F177E700DB5CD3;
			remoteInfo = Flixster;
		};
/* End PBXContainerItemProxy section */

/* Begin PBXFileReference section */
		B4AD597521F177E700DB5CD3 /* Flixster.app */ = {isa = PBXFileReference; explicitFileType = wrapper.application; includeInIndex = 0; path = Flixster.app; sourceTree = BUILT_PRODUCTS_DIR; };
		B4AD597821F177E700DB5CD3 /* AppDelegate.swift */ = {isa = PBXFileReference; lastKnownFileType = sourcecode.swift; path = AppDelegate.swift; sourceTree = "<group>"; };
		B4AD597A21F177E700DB5CD3 /* ViewController.swift */ = {isa = PBXFileReference; lastKnownFileType = sourcecode.swift; path = ViewController.swift; sourceTree = "<group>"; };
		B4AD597D21F177E700DB5CD3 /* Base */ = {isa = PBXFileReference; lastKnownFileType = file.storyboard; name = Base; path = Base.lproj/Main.storyboard; sourceTree = "<group>"; };
		B4AD597F21F177E800DB5CD3 /* Assets.xcassets */ = {isa = PBXFileReference; lastKnownFileType = folder.assetcatalog; path = Assets.xcassets; sourceTree = "<group>"; };
		B4AD598221F177E800DB5CD3 /* Base */ = {isa = PBXFileReference; lastKnownFileType = file.storyboard; name = Base; path = Base.lproj/LaunchScreen.storyboard; sourceTree = "<group>"; };
		B4AD598421F177E800DB5CD3 /* Info.plist */ = {isa = PBXFileReference; lastKnownFileType = text.plist.xml; path = Info.plist; sourceTree = "<group>"; };
		B4AD598921F177E800DB5CD3 /* FlixsterTests.xctest */ = {isa = PBXFileReference; explicitFileType = wrapper.cfbundle; includeInIndex = 0; path = FlixsterTests.xctest; sourceTree = BUILT_PRODUCTS_DIR; };
		B4AD598D21F177E800DB5CD3 /* FlixsterTests.swift */ = {isa = PBXFileReference; lastKnownFileType = sourcecode.swift; path = FlixsterTests.swift; sourceTree = "<group>"; };
		B4AD598F21F177E800DB5CD3 /* Info.plist */ = {isa = PBXFileReference; lastKnownFileType = text.plist.xml; path = Info.plist; sourceTree = "<group>"; };
		B4AD599421F177E800DB5CD3 /* FlixsterUITests.xctest */ = {isa = PBXFileReference; explicitFileType = wrapper.cfbundle; includeInIndex = 0; path = FlixsterUITests.xctest; sourceTree = BUILT_PRODUCTS_DIR; };
		B4AD599821F177E800DB5CD3 /* FlixsterUITests.swift */ = {isa = PBXFileReference; lastKnownFileType = sourcecode.swift; path = FlixsterUITests.swift; sourceTree = "<group>"; };
		B4AD599A21F177E800DB5CD3 /* Info.plist */ = {isa = PBXFileReference; lastKnownFileType = text.plist.xml; path = Info.plist; sourceTree = "<group>"; };
/* End PBXFileReference section */

/* Begin PBXFrameworksBuildPhase section */
		B4AD597221F177E700DB5CD3 /* Frameworks */ = {
			isa = PBXFrameworksBuildPhase;
			buildActionMask = 2147483647;
			files = (
			);
			runOnlyForDeploymentPostprocessing = 0;
		};
		B4AD598621F177E800DB5CD3 /* Frameworks */ = {
			isa = PBXFrameworksBuildPhase;
			buildActionMask = 2147483647;
			files = (
			);
			runOnlyForDeploymentPostprocessing = 0;
		};
		B4AD599121F177E800DB5CD3 /* Frameworks */ = {
			isa = PBXFrameworksBuildPhase;
			buildActionMask = 2147483647;
			files = (
			);
			runOnlyForDeploymentPostprocessing = 0;
		};
/* End PBXFrameworksBuildPhase section */

/* Begin PBXGroup section */
		B4AD596C21F177E700DB5CD3 = {
			isa = PBXGroup;
			children = (
				B4AD597721F177E700DB5CD3 /* Flixster */,
				B4AD598C21F177E800DB5CD3 /* FlixsterTests */,
				B4AD599721F177E800DB5CD3 /* FlixsterUITests */,
				B4AD597621F177E700DB5CD3 /* Products */,
			);
			sourceTree = "<group>";
		};
		B4AD597621F177E700DB5CD3 /* Products */ = {
			isa = PBXGroup;
			children = (
				B4AD597521F177E700DB5CD3 /* Flixster.app */,
				B4AD598921F177E800DB5CD3 /* FlixsterTests.xctest */,
				B4AD599421F177E800DB5CD3 /* FlixsterUITests.xctest */,
			);
			name = Products;
			sourceTree = "<group>";
		};
		B4AD597721F177E700DB5CD3 /* Flixster */ = {
			isa = PBXGroup;
			children = (
				B4AD597821F177E700DB5CD3 /* AppDelegate.swift */,
				B4AD597A21F177E700DB5CD3 /* ViewController.swift */,
				B4AD597C21F177E700DB5CD3 /* Main.storyboard */,
				B4AD597F21F177E800DB5CD3 /* Assets.xcassets */,
				B4AD598121F177E800DB5CD3 /* LaunchScreen.storyboard */,
				B4AD598421F177E800DB5CD3 /* Info.plist */,
			);
			path = Flixster;
			sourceTree = "<group>";
		};
		B4AD598C21F177E800DB5CD3 /* FlixsterTests */ = {
			isa = PBXGroup;
			children = (
				B4AD598D21F177E800DB5CD3 /* FlixsterTests.swift */,
				B4AD598F21F177E800DB5CD3 /* Info.plist */,
			);
			path = FlixsterTests;
			sourceTree = "<group>";
		};
		B4AD599721F177E800DB5CD3 /* FlixsterUITests */ = {
			isa = PBXGroup;
			children = (
				B4AD599821F177E800DB5CD3 /* FlixsterUITests.swift */,
				B4AD599A21F177E800DB5CD3 /* Info.plist */,
			);
			path = FlixsterUITests;
			sourceTree = "<group>";
		};
/* End PBXGroup section */

/* Begin PBXNativeTarget section */
		B4AD597421F177E700DB5CD3 /* Flixster */ = {
			isa = PBXNativeTarget;
			buildConfigurationList = B4AD599D21F177E800DB5CD3 /* Build configuration list for PBXNativeTarget "Flixster" */;
			buildPhases = (
				B4AD597121F177E700DB5CD3 /* Sources */,
				B4AD597221F177E700DB5CD3 /* Frameworks */,
				B4AD597321F177E700DB5CD3 /* Resources */,
			);
			buildRules = (
			);
			dependencies = (
			);
			name = Flixster;
			productName = Flixster;
			productReference = B4AD597521F177E700DB5CD3 /* Flixster.app */;
			productType = "com.apple.product-type.application";
		};
		B4AD598821F177E800DB5CD3 /* FlixsterTests */ = {
			isa = PBXNativeTarget;
			buildConfigurationList = B4AD59A021F177E800DB5CD3 /* Build configuration list for PBXNativeTarget "FlixsterTests" */;
			buildPhases = (
				B4AD598521F177E800DB5CD3 /* Sources */,
				B4AD598621F177E800DB5CD3 /* Frameworks */,
				B4AD598721F177E800DB5CD3 /* Resources */,
			);
			buildRules = (
			);
			dependencies = (
				B4AD598B21F177E800DB5CD3 /* PBXTargetDependency */,
			);
			name = FlixsterTests;
			productName = FlixsterTests;
			productReference = B4AD598921F177E800DB5CD3 /* FlixsterTests.xctest */;
			productType = "com.apple.product-type.bundle.unit-test";
		};
		B4AD599321F177E800DB5CD3 /* FlixsterUITests */ = {
			isa = PBXNativeTarget;
			buildConfigurationList = B4AD59A321F177E800DB5CD3 /* Build configuration list for PBXNativeTarget "FlixsterUITests" */;
			buildPhases = (
				B4AD599021F177E800DB5CD3 /* Sources */,
				B4AD599121F177E800DB5CD3 /* Frameworks */,
				B4AD599221F177E800DB5CD3 /* Resources */,
			);
			buildRules = (
			);
			dependencies = (
				B4AD599621F177E800DB5CD3 /* PBXTargetDependency */,
			);
			name = FlixsterUITests;
			productName = FlixsterUITests;
			productReference = B4AD599421F177E800DB5CD3 /* FlixsterUITests.xctest */;
			productType = "com.apple.product-type.bundle.ui-testing";
		};
/* End PBXNativeTarget section */

/* Begin PBXProject section */
		B4AD596D21F177E700DB5CD3 /* Project object */ = {
			isa = PBXProject;
			attributes = {
				LastSwiftUpdateCheck = 1010;
				LastUpgradeCheck = 1010;
				ORGANIZATIONNAME = "Lily Pham";
				TargetAttributes = {
					B4AD597421F177E700DB5CD3 = {
						CreatedOnToolsVersion = 10.1;
					};
					B4AD598821F177E800DB5CD3 = {
						CreatedOnToolsVersion = 10.1;
						TestTargetID = B4AD597421F177E700DB5CD3;
					};
					B4AD599321F177E800DB5CD3 = {
						CreatedOnToolsVersion = 10.1;
						TestTargetID = B4AD597421F177E700DB5CD3;
					};
				};
			};
			buildConfigurationList = B4AD597021F177E700DB5CD3 /* Build configuration list for PBXProject "Flixster" */;
			compatibilityVersion = "Xcode 9.3";
			developmentRegion = en;
			hasScannedForEncodings = 0;
			knownRegions = (
				en,
				Base,
			);
			mainGroup = B4AD596C21F177E700DB5CD3;
			productRefGroup = B4AD597621F177E700DB5CD3 /* Products */;
			projectDirPath = "";
			projectRoot = "";
			targets = (
				B4AD597421F177E700DB5CD3 /* Flixster */,
				B4AD598821F177E800DB5CD3 /* FlixsterTests */,
				B4AD599321F177E800DB5CD3 /* FlixsterUITests */,
			);
		};
/* End PBXProject section */

/* Begin PBXResourcesBuildPhase section */
		B4AD597321F177E700DB5CD3 /* Resources */ = {
			isa = PBXResourcesBuildPhase;
			buildActionMask = 2147483647;
			files = (
				B4AD598321F177E800DB5CD3 /* LaunchScreen.storyboard in Resources */,
				B4AD598021F177E800DB5CD3 /* Assets.xcassets in Resources */,
				B4AD597E21F177E700DB5CD3 /* Main.storyboard in Resources */,
			);
			runOnlyForDeploymentPostprocessing = 0;
		};
		B4AD598721F177E800DB5CD3 /* Resources */ = {
			isa = PBXResourcesBuildPhase;
			buildActionMask = 2147483647;
			files = (
			);
			runOnlyForDeploymentPostprocessing = 0;
		};
		B4AD599221F177E800DB5CD3 /* Resources */ = {
			isa = PBXResourcesBuildPhase;
			buildActionMask = 2147483647;
			files = (
			);
			runOnlyForDeploymentPostprocessing = 0;
		};
/* End PBXResourcesBuildPhase section */

/* Begin PBXSourcesBuildPhase section */
		B4AD597121F177E700DB5CD3 /* Sources */ = {
			isa = PBXSourcesBuildPhase;
			buildActionMask = 2147483647;
			files = (
				B4AD597B21F177E700DB5CD3 /* ViewController.swift in Sources */,
				B4AD597921F177E700DB5CD3 /* AppDelegate.swift in Sources */,
			);
			runOnlyForDeploymentPostprocessing = 0;
		};
		B4AD598521F177E800DB5CD3 /* Sources */ = {
			isa = PBXSourcesBuildPhase;
			buildActionMask = 2147483647;
			files = (
				B4AD598E21F177E800DB5CD3 /* FlixsterTests.swift in Sources */,
			);
			runOnlyForDeploymentPostprocessing = 0;
		};
		B4AD599021F177E800DB5CD3 /* Sources */ = {
			isa = PBXSourcesBuildPhase;
			buildActionMask = 2147483647;
			files = (
				B4AD599921F177E800DB5CD3 /* FlixsterUITests.swift in Sources */,
			);
			runOnlyForDeploymentPostprocessing = 0;
		};
/* End PBXSourcesBuildPhase section */

/* Begin PBXTargetDependency section */
		B4AD598B21F177E800DB5CD3 /* PBXTargetDependency */ = {
			isa = PBXTargetDependency;
			target = B4AD597421F177E700DB5CD3 /* Flixster */;
			targetProxy = B4AD598A21F177E800DB5CD3 /* PBXContainerItemProxy */;
		};
		B4AD599621F177E800DB5CD3 /* PBXTargetDependency */ = {
			isa = PBXTargetDependency;
			target = B4AD597421F177E700DB5CD3 /* Flixster */;
			targetProxy = B4AD599521F177E800DB5CD3 /* PBXContainerItemProxy */;
		};
/* End PBXTargetDependency section */

/* Begin PBXVariantGroup section */
		B4AD597C21F177E700DB5CD3 /* Main.storyboard */ = {
			isa = PBXVariantGroup;
			children = (
				B4AD597D21F177E700DB5CD3 /* Base */,
			);
			name = Main.storyboard;
			sourceTree = "<group>";
		};
		B4AD598121F177E800DB5CD3 /* LaunchScreen.storyboard */ = {
			isa = PBXVariantGroup;
			children = (
				B4AD598221F177E800DB5CD3 /* Base */,
			);
			name = LaunchScreen.storyboard;
			sourceTree = "<group>";
		};
/* End PBXVariantGroup section */

/* Begin XCBuildConfiguration section */
		B4AD599B21F177E800DB5CD3 /* Debug */ = {
			isa = XCBuildConfiguration;
			buildSettings = {
				ALWAYS_SEARCH_USER_PATHS = NO;
				CLANG_ANALYZER_NONNULL = YES;
				CLANG_ANALYZER_NUMBER_OBJECT_CONVERSION = YES_AGGRESSIVE;
				CLANG_CXX_LANGUAGE_STANDARD = "gnu++14";
				CLANG_CXX_LIBRARY = "libc++";
				CLANG_ENABLE_MODULES = YES;
				CLANG_ENABLE_OBJC_ARC = YES;
				CLANG_ENABLE_OBJC_WEAK = YES;
				CLANG_WARN_BLOCK_CAPTURE_AUTORELEASING = YES;
				CLANG_WARN_BOOL_CONVERSION = YES;
				CLANG_WARN_COMMA = YES;
				CLANG_WARN_CONSTANT_CONVERSION = YES;
				CLANG_WARN_DEPRECATED_OBJC_IMPLEMENTATIONS = YES;
				CLANG_WARN_DIRECT_OBJC_ISA_USAGE = YES_ERROR;
				CLANG_WARN_DOCUMENTATION_COMMENTS = YES;
				CLANG_WARN_EMPTY_BODY = YES;
				CLANG_WARN_ENUM_CONVERSION = YES;
				CLANG_WARN_INFINITE_RECURSION = YES;
				CLANG_WARN_INT_CONVERSION = YES;
				CLANG_WARN_NON_LITERAL_NULL_CONVERSION = YES;
				CLANG_WARN_OBJC_IMPLICIT_RETAIN_SELF = YES;
				CLANG_WARN_OBJC_LITERAL_CONVERSION = YES;
				CLANG_WARN_OBJC_ROOT_CLASS = YES_ERROR;
				CLANG_WARN_RANGE_LOOP_ANALYSIS = YES;
				CLANG_WARN_STRICT_PROTOTYPES = YES;
				CLANG_WARN_SUSPICIOUS_MOVE = YES;
				CLANG_WARN_UNGUARDED_AVAILABILITY = YES_AGGRESSIVE;
				CLANG_WARN_UNREACHABLE_CODE = YES;
				CLANG_WARN__DUPLICATE_METHOD_MATCH = YES;
				CODE_SIGN_IDENTITY = "iPhone Developer";
				COPY_PHASE_STRIP = NO;
				DEBUG_INFORMATION_FORMAT = dwarf;
				ENABLE_STRICT_OBJC_MSGSEND = YES;
				ENABLE_TESTABILITY = YES;
				GCC_C_LANGUAGE_STANDARD = gnu11;
				GCC_DYNAMIC_NO_PIC = NO;
				GCC_NO_COMMON_BLOCKS = YES;
				GCC_OPTIMIZATION_LEVEL = 0;
				GCC_PREPROCESSOR_DEFINITIONS = (
					"DEBUG=1",
					"$(inherited)",
				);
				GCC_WARN_64_TO_32_BIT_CONVERSION = YES;
				GCC_WARN_ABOUT_RETURN_TYPE = YES_ERROR;
				GCC_WARN_UNDECLARED_SELECTOR = YES;
				GCC_WARN_UNINITIALIZED_AUTOS = YES_AGGRESSIVE;
				GCC_WARN_UNUSED_FUNCTION = YES;
				GCC_WARN_UNUSED_VARIABLE = YES;
				IPHONEOS_DEPLOYMENT_TARGET = 12.1;
				MTL_ENABLE_DEBUG_INFO = INCLUDE_SOURCE;
				MTL_FAST_MATH = YES;
				ONLY_ACTIVE_ARCH = YES;
				SDKROOT = iphoneos;
				SWIFT_ACTIVE_COMPILATION_CONDITIONS = DEBUG;
				SWIFT_OPTIMIZATION_LEVEL = "-Onone";
			};
			name = Debug;
		};
		B4AD599C21F177E800DB5CD3 /* Release */ = {
			isa = XCBuildConfiguration;
			buildSettings = {
				ALWAYS_SEARCH_USER_PATHS = NO;
				CLANG_ANALYZER_NONNULL = YES;
				CLANG_ANALYZER_NUMBER_OBJECT_CONVERSION = YES_AGGRESSIVE;
				CLANG_CXX_LANGUAGE_STANDARD = "gnu++14";
				CLANG_CXX_LIBRARY = "libc++";
				CLANG_ENABLE_MODULES = YES;
				CLANG_ENABLE_OBJC_ARC = YES;
				CLANG_ENABLE_OBJC_WEAK = YES;
				CLANG_WARN_BLOCK_CAPTURE_AUTORELEASING = YES;
				CLANG_WARN_BOOL_CONVERSION = YES;
				CLANG_WARN_COMMA = YES;
				CLANG_WARN_CONSTANT_CONVERSION = YES;
				CLANG_WARN_DEPRECATED_OBJC_IMPLEMENTATIONS = YES;
				CLANG_WARN_DIRECT_OBJC_ISA_USAGE = YES_ERROR;
				CLANG_WARN_DOCUMENTATION_COMMENTS = YES;
				CLANG_WARN_EMPTY_BODY = YES;
				CLANG_WARN_ENUM_CONVERSION = YES;
				CLANG_WARN_INFINITE_RECURSION = YES;
				CLANG_WARN_INT_CONVERSION = YES;
				CLANG_WARN_NON_LITERAL_NULL_CONVERSION = YES;
				CLANG_WARN_OBJC_IMPLICIT_RETAIN_SELF = YES;
				CLANG_WARN_OBJC_LITERAL_CONVERSION = YES;
				CLANG_WARN_OBJC_ROOT_CLASS = YES_ERROR;
				CLANG_WARN_RANGE_LOOP_ANALYSIS = YES;
				CLANG_WARN_STRICT_PROTOTYPES = YES;
				CLANG_WARN_SUSPICIOUS_MOVE = YES;
				CLANG_WARN_UNGUARDED_AVAILABILITY = YES_AGGRESSIVE;
				CLANG_WARN_UNREACHABLE_CODE = YES;
				CLANG_WARN__DUPLICATE_METHOD_MATCH = YES;
				CODE_SIGN_IDENTITY = "iPhone Developer";
				COPY_PHASE_STRIP = NO;
				DEBUG_INFORMATION_FORMAT = "dwarf-with-dsym";
				ENABLE_NS_ASSERTIONS = NO;
				ENABLE_STRICT_OBJC_MSGSEND = YES;
				GCC_C_LANGUAGE_STANDARD = gnu11;
				GCC_NO_COMMON_BLOCKS = YES;
				GCC_WARN_64_TO_32_BIT_CONVERSION = YES;
				GCC_WARN_ABOUT_RETURN_TYPE = YES_ERROR;
				GCC_WARN_UNDECLARED_SELECTOR = YES;
				GCC_WARN_UNINITIALIZED_AUTOS = YES_AGGRESSIVE;
				GCC_WARN_UNUSED_FUNCTION = YES;
				GCC_WARN_UNUSED_VARIABLE = YES;
				IPHONEOS_DEPLOYMENT_TARGET = 12.1;
				MTL_ENABLE_DEBUG_INFO = NO;
				MTL_FAST_MATH = YES;
				SDKROOT = iphoneos;
				SWIFT_COMPILATION_MODE = wholemodule;
				SWIFT_OPTIMIZATION_LEVEL = "-O";
				VALIDATE_PRODUCT = YES;
			};
			name = Release;
		};
		B4AD599E21F177E800DB5CD3 /* Debug */ = {
			isa = XCBuildConfiguration;
			buildSettings = {
				ASSETCATALOG_COMPILER_APPICON_NAME = AppIcon;
				CODE_SIGN_STYLE = Automatic;
				INFOPLIST_FILE = Flixster/Info.plist;
				LD_RUNPATH_SEARCH_PATHS = (
					"$(inherited)",
					"@executable_path/Frameworks",
				);
				PRODUCT_BUNDLE_IDENTIFIER = com.codepath.Flixster;
				PRODUCT_NAME = "$(TARGET_NAME)";
				SWIFT_VERSION = 4.2;
				TARGETED_DEVICE_FAMILY = "1,2";
			};
			name = Debug;
		};
		B4AD599F21F177E800DB5CD3 /* Release */ = {
			isa = XCBuildConfiguration;
			buildSettings = {
				ASSETCATALOG_COMPILER_APPICON_NAME = AppIcon;
				CODE_SIGN_STYLE = Automatic;
				INFOPLIST_FILE = Flixster/Info.plist;
				LD_RUNPATH_SEARCH_PATHS = (
					"$(inherited)",
					"@executable_path/Frameworks",
				);
				PRODUCT_BUNDLE_IDENTIFIER = com.codepath.Flixster;
				PRODUCT_NAME = "$(TARGET_NAME)";
				SWIFT_VERSION = 4.2;
				TARGETED_DEVICE_FAMILY = "1,2";
			};
			name = Release;
		};
		B4AD59A121F177E800DB5CD3 /* Debug */ = {
			isa = XCBuildConfiguration;
			buildSettings = {
				ALWAYS_EMBED_SWIFT_STANDARD_LIBRARIES = YES;
				BUNDLE_LOADER = "$(TEST_HOST)";
				CODE_SIGN_STYLE = Automatic;
				INFOPLIST_FILE = FlixsterTests/Info.plist;
				LD_RUNPATH_SEARCH_PATHS = (
					"$(inherited)",
					"@executable_path/Frameworks",
					"@loader_path/Frameworks",
				);
				PRODUCT_BUNDLE_IDENTIFIER = com.codepath.FlixsterTests;
				PRODUCT_NAME = "$(TARGET_NAME)";
				SWIFT_VERSION = 4.2;
				TARGETED_DEVICE_FAMILY = "1,2";
				TEST_HOST = "$(BUILT_PRODUCTS_DIR)/Flixster.app/Flixster";
			};
			name = Debug;
		};
		B4AD59A221F177E800DB5CD3 /* Release */ = {
			isa = XCBuildConfiguration;
			buildSettings = {
				ALWAYS_EMBED_SWIFT_STANDARD_LIBRARIES = YES;
				BUNDLE_LOADER = "$(TEST_HOST)";
				CODE_SIGN_STYLE = Automatic;
				INFOPLIST_FILE = FlixsterTests/Info.plist;
				LD_RUNPATH_SEARCH_PATHS = (
					"$(inherited)",
					"@executable_path/Frameworks",
					"@loader_path/Frameworks",
				);
				PRODUCT_BUNDLE_IDENTIFIER = com.codepath.FlixsterTests;
				PRODUCT_NAME = "$(TARGET_NAME)";
				SWIFT_VERSION = 4.2;
				TARGETED_DEVICE_FAMILY = "1,2";
				TEST_HOST = "$(BUILT_PRODUCTS_DIR)/Flixster.app/Flixster";
			};
			name = Release;
		};
		B4AD59A421F177E800DB5CD3 /* Debug */ = {
			isa = XCBuildConfiguration;
			buildSettings = {
				ALWAYS_EMBED_SWIFT_STANDARD_LIBRARIES = YES;
				CODE_SIGN_STYLE = Automatic;
				INFOPLIST_FILE = FlixsterUITests/Info.plist;
				LD_RUNPATH_SEARCH_PATHS = (
					"$(inherited)",
					"@executable_path/Frameworks",
					"@loader_path/Frameworks",
				);
				PRODUCT_BUNDLE_IDENTIFIER = com.codepath.FlixsterUITests;
				PRODUCT_NAME = "$(TARGET_NAME)";
				SWIFT_VERSION = 4.2;
				TARGETED_DEVICE_FAMILY = "1,2";
				TEST_TARGET_NAME = Flixster;
			};
			name = Debug;
		};
		B4AD59A521F177E800DB5CD3 /* Release */ = {
			isa = XCBuildConfiguration;
			buildSettings = {
				ALWAYS_EMBED_SWIFT_STANDARD_LIBRARIES = YES;
				CODE_SIGN_STYLE = Automatic;
				INFOPLIST_FILE = FlixsterUITests/Info.plist;
				LD_RUNPATH_SEARCH_PATHS = (
					"$(inherited)",
					"@executable_path/Frameworks",
					"@loader_path/Frameworks",
				);
				PRODUCT_BUNDLE_IDENTIFIER = com.codepath.FlixsterUITests;
				PRODUCT_NAME = "$(TARGET_NAME)";
				SWIFT_VERSION = 4.2;
				TARGETED_DEVICE_FAMILY = "1,2";
				TEST_TARGET_NAME = Flixster;
			};
			name = Release;
		};
/* End XCBuildConfiguration section */

/* Begin XCConfigurationList section */
		B4AD597021F177E700DB5CD3 /* Build configuration list for PBXProject "Flixster" */ = {
			isa = XCConfigurationList;
			buildConfigurations = (
				B4AD599B21F177E800DB5CD3 /* Debug */,
				B4AD599C21F177E800DB5CD3 /* Release */,
			);
			defaultConfigurationIsVisible = 0;
			defaultConfigurationName = Release;
		};
		B4AD599D21F177E800DB5CD3 /* Build configuration list for PBXNativeTarget "Flixster" */ = {
			isa = XCConfigurationList;
			buildConfigurations = (
				B4AD599E21F177E800DB5CD3 /* Debug */,
				B4AD599F21F177E800DB5CD3 /* Release */,
			);
			defaultConfigurationIsVisible = 0;
			defaultConfigurationName = Release;
		};
		B4AD59A021F177E800DB5CD3 /* Build configuration list for PBXNativeTarget "FlixsterTests" */ = {
			isa = XCConfigurationList;
			buildConfigurations = (
				B4AD59A121F177E800DB5CD3 /* Debug */,
				B4AD59A221F177E800DB5CD3 /* Release */,
			);
			defaultConfigurationIsVisible = 0;
			defaultConfigurationName = Release;
		};
		B4AD59A321F177E800DB5CD3 /* Build configuration list for PBXNativeTarget "FlixsterUITests" */ = {
			isa = XCConfigurationList;
			buildConfigurations = (
				B4AD59A421F177E800DB5CD3 /* Debug */,
				B4AD59A521F177E800DB5CD3 /* Release */,
			);
			defaultConfigurationIsVisible = 0;
			defaultConfigurationName = Release;
		};
/* End XCConfigurationList section */
	};
	rootObject = B4AD596D21F177E700DB5CD3 /* Project object */;
}
